{
  "name": "comment-polish",
  "version": "0.1.0",
  "lockfileVersion": 3,
  "requires": true,
  "packages": {
    "": {
      "name": "comment-polish",
      "version": "0.1.0",
      "dependencies": {
        "tree-sitter": "^0.21.1",
        "tree-sitter-rust": "^0.21.0"
      },
      "bin": {
        "comment-polish": "src/polish.js"
      }
    },
    "node_modules/node-addon-api": {
      "version": "8.8.0",
      "resolved": "https://registry.npmjs.org/node-addon-api/-/node-addon-api-8.8.0.tgz",
      "integrity": "sha512-c5Ko1fZJIJmzhFIkhRN76WTq+fC6tWnGy9CXA0fA+XygsWZmEwG8vmbkNqxMyoaa0Tin4djul49NzdVcJJcjeA==",
      "license": "MIT",
      "engines": {
        "node": "^18 || ^20 || >= 21"
      }
    },
    "node_modules/node-gyp-build": {
      "version": "4.8.4",
      "resolved": "https://registry.npmjs.org/node-gyp-build/-/node-gyp-build-4.8.4.tgz",
      "integrity": "sha512-LA4ZjwlnUblHVgq0oBF3Jl/6h/Nvs5fzBLwdEF4nuxnFdsfajde4WfxtJr3CaiH+F6ewcIB/q4jQ4UzPyid+CQ==",
      "license": "MIT",
      "bin": {
        "node-gyp-build": "bin.js",
        "node-gyp-build-optional": "optional.js",
        "node-gyp-build-test": "build-test.js"
      }
    },
    "node_modules/tree-sitter": {
      "version": "0.21.1",
      "resolved": "https://registry.npmjs.org/tree-sitter/-/tree-sitter-0.21.1.tgz",
      "integrity": "sha512-7dxoA6kYvtgWw80265MyqJlkRl4yawIjO7S5MigytjELkX43fV2WsAXzsNfO7sBpPPCF5Gp0+XzHk0DwLCq3xQ==",
      "hasInstallScript": true,
      "license": "MIT",
      "dependencies": {
        "node-addon-api": "^8.0.0",
        "node-gyp-build": "^4.8.0"
      }
    },
    "node_modules/tree-sitter-rust": {
      "version": "0.21.0",
      "resolved": "https://registry.npmjs.org/tree-sitter-rust/-/tree-sitter-rust-0.21.0.tgz",
      "integrity": "sha512-unVr73YLn3VC4Qa/GF0Nk+Wom6UtI526p5kz9Rn2iZSqwIFedyCZ3e0fKCEmUJLIPGrTb/cIEdu3ZUNGzfZx7A==",
      "hasInstallScript": true,
      "license": "MIT",
      "dependencies": {
        "node-addon-api": "^7.1.0",
        "node-gyp-build": "^4.8.0"
      },
      "peerDependencies": {
        "tree-sitter": "^0.21.1"
      },
      "peerDependenciesMeta": {
        "tree_sitter": {
          "optional": true
        }
      }
    },
    "node_modules/tree-sitter-rust/node_modules/node-addon-api": {
      "version": "7.1.1",
      "resolved": "https://registry.npmjs.org/node-addon-api/-/node-addon-api-7.1.1.tgz",
      "integrity": "sha512-5m3bsyrjFWE1xf7nz7YXdN4udnVtXK6/Yfgn5qnahL6bCkf2yKt4k3nuTKAtT4r3IG8JNR2ncsIMdZuAzJjHQQ==",
      "license": "MIT"
    }
  }
}
